
Microsoft Visual Studio Solution File, Format Version 12.00
# Visual Studio Version 16
VisualStudioVersion = 16.0.28407.52
MinimumVisualStudioVersion = 10.0.40219.1
Project("{FAE04EC0-301F-11D3-BF4B-00C04F79EFBC}") = "MemoryLeak", "MemoryLeak\MemoryLeak.csproj", "{7225BFB6-45ED-4EA4-B423-17DA1805F45E}"
EndProject
Project("{FAE04EC0-301F-11D3-BF4B-00C04F79EFBC}") = "MemoryLeak.Tests", "MemoryLeak.Tests\MemoryLeak.Tests.csproj", "{B3287A1B-10CE-4603-8877-2111C7DF4E3C}"
EndProject
Global
	GlobalSection(SolutionConfigurationPlatforms) = preSolution
		Debug|Any CPU = Debug|Any CPU
		Release|Any CPU = Release|Any CPU
	EndGlobalSection
	GlobalSection(ProjectConfigurationPlatforms) = postSolution
		{7225BFB6-45ED-4EA4-B423-17DA1805F45E}.Debug|Any CPU.ActiveCfg = Debug|Any CPU
		{7225BFB6-45ED-4EA4-B423-17DA1805F45E}.Debug|Any CPU.Build.0 = Debug|Any CPU
		{7225BFB6-45ED-4EA4-B423-17DA1805F45E}.Release|Any CPU.ActiveCfg = Release|Any CPU
		{7225BFB6-45ED-4EA4-B423-17DA1805F45E}.Release|Any CPU.Build.0 = Release|Any CPU
		{B3287A1B-10CE-4603-8877-2111C7DF4E3C}.Debug|Any CPU.ActiveCfg = Debug|Any CPU
		{B3287A1B-10CE-4603-8877-2111C7DF4E3C}.Debug|Any CPU.Build.0 = Debug|Any CPU
		{B3287A1B-10CE-4603-8877-2111C7DF4E3C}.Release|Any CPU.ActiveCfg = Release|Any CPU
		{B3287A1B-10CE-4603-8877-2111C7DF4E3C}.Release|Any CPU.Build.0 = Release|Any CPU
	EndGlobalSection
	GlobalSection(SolutionProperties) = preSolution
		HideSolutionNode = FALSE
	EndGlobalSection
	GlobalSection(ExtensibilityGlobals) = postSolution
		SolutionGuid = {ED381CBE-0082-41A6-8D2F-A3961209F36D}
	EndGlobalSection
EndGlobal
