
Microsoft Visual Studio Solution File, Format Version 12.00
# Visual Studio Version 16
VisualStudioVersion = 16.0.28407.52
MinimumVisualStudioVersion = 10.0.40219.1
Project("{FAE04EC0-301F-11D3-BF4B-00C04F79EFBC}") = "MemoryLeak", "MemoryLeak\MemoryLeak.csproj", "{E01CCAE6-565B-4E40-9948-3CEC8DAAFD61}"
EndProject
Project("{FAE04EC0-301F-11D3-BF4B-00C04F79EFBC}") = "MemoryLeak.Tests", "MemoryLeak.Tests\MemoryLeak.Tests.csproj", "{E5A33439-AEE8-44BB-9094-AB97F08EE579}"
EndProject
Global
	GlobalSection(SolutionConfigurationPlatforms) = preSolution
		Debug|Any CPU = Debug|Any CPU
		Release|Any CPU = Release|Any CPU
	EndGlobalSection
	GlobalSection(ProjectConfigurationPlatforms) = postSolution
		{E01CCAE6-565B-4E40-9948-3CEC8DAAFD61}.Debug|Any CPU.ActiveCfg = Debug|Any CPU
		{E01CCAE6-565B-4E40-9948-3CEC8DAAFD61}.Debug|Any CPU.Build.0 = Debug|Any CPU
		{E01CCAE6-565B-4E40-9948-3CEC8DAAFD61}.Release|Any CPU.ActiveCfg = Release|Any CPU
		{E01CCAE6-565B-4E40-9948-3CEC8DAAFD61}.Release|Any CPU.Build.0 = Release|Any CPU
		{E5A33439-AEE8-44BB-9094-AB97F08EE579}.Debug|Any CPU.ActiveCfg = Debug|Any CPU
		{E5A33439-AEE8-44BB-9094-AB97F08EE579}.Debug|Any CPU.Build.0 = Debug|Any CPU
		{E5A33439-AEE8-44BB-9094-AB97F08EE579}.Release|Any CPU.ActiveCfg = Release|Any CPU
		{E5A33439-AEE8-44BB-9094-AB97F08EE579}.Release|Any CPU.Build.0 = Release|Any CPU
	EndGlobalSection
	GlobalSection(SolutionProperties) = preSolution
		HideSolutionNode = FALSE
	EndGlobalSection
	GlobalSection(ExtensibilityGlobals) = postSolution
		SolutionGuid = {1C8362F0-7C22-41B4-AAFB-61F98276B801}
	EndGlobalSection
EndGlobal
